
Microsoft Visual Studio Solution File, Format Version 12.00
# Visual Studio 2013
VisualStudioVersion = 12.0.30723.0
MinimumVisualStudioVersion = 10.0.40219.1
Project("{FAE04EC0-301F-11D3-BF4B-00C04F79EFBC}") = "Lexicon", "Lexicon\Lexicon.csproj", "{3627303B-439D-44E4-B316-3041426AE2DA}"
EndProject
Project("{FAE04EC0-301F-11D3-BF4B-00C04F79EFBC}") = "TestConsole", "TestConsole\TestConsole.csproj", "{B370005D-9936-4D31-A58A-E1C391C3F461}"
EndProject
Project("{FAE04EC0-301F-11D3-BF4B-00C04F79EFBC}") = "FST", "FST\FST.csproj", "{91779E4E-8DCB-4F97-B375-CDEB51623B9B}"
EndProject
Global
	GlobalSection(SolutionConfigurationPlatforms) = preSolution
		Debug|Any CPU = Debug|Any CPU
		Release|Any CPU = Release|Any CPU
	EndGlobalSection
	GlobalSection(ProjectConfigurationPlatforms) = postSolution
		{3627303B-439D-44E4-B316-3041426AE2DA}.Debug|Any CPU.ActiveCfg = Debug|Any CPU
		{3627303B-439D-44E4-B316-3041426AE2DA}.Debug|Any CPU.Build.0 = Debug|Any CPU
		{3627303B-439D-44E4-B316-3041426AE2DA}.Release|Any CPU.ActiveCfg = Release|Any CPU
		{3627303B-439D-44E4-B316-3041426AE2DA}.Release|Any CPU.Build.0 = Release|Any CPU
		{B370005D-9936-4D31-A58A-E1C391C3F461}.Debug|Any CPU.ActiveCfg = Debug|Any CPU
		{B370005D-9936-4D31-A58A-E1C391C3F461}.Debug|Any CPU.Build.0 = Debug|Any CPU
		{B370005D-9936-4D31-A58A-E1C391C3F461}.Release|Any CPU.ActiveCfg = Release|Any CPU
		{B370005D-9936-4D31-A58A-E1C391C3F461}.Release|Any CPU.Build.0 = Release|Any CPU
		{91779E4E-8DCB-4F97-B375-CDEB51623B9B}.Debug|Any CPU.ActiveCfg = Debug|Any CPU
		{91779E4E-8DCB-4F97-B375-CDEB51623B9B}.Debug|Any CPU.Build.0 = Debug|Any CPU
		{91779E4E-8DCB-4F97-B375-CDEB51623B9B}.Release|Any CPU.ActiveCfg = Release|Any CPU
		{91779E4E-8DCB-4F97-B375-CDEB51623B9B}.Release|Any CPU.Build.0 = Release|Any CPU
	EndGlobalSection
	GlobalSection(SolutionProperties) = preSolution
		HideSolutionNode = FALSE
	EndGlobalSection
EndGlobal
